
Microsoft Visual Studio Solution File, Format Version 12.00
# Visual Studio Version 17
VisualStudioVersion = 17.4.33403.182
MinimumVisualStudioVersion = 10.0.40219.1
Project("{FAE04EC0-301F-11D3-BF4B-00C04F79EFBC}") = "WebApplication1", "WebApplication1\WebApplication1.csproj", "{7CA5823B-BB2E-4CE1-9D8C-DD1FF1C85E5A}"
EndProject
Global
	GlobalSection(SolutionConfigurationPlatforms) = preSolution
		Debug|Any CPU = Debug|Any CPU
		Release|Any CPU = Release|Any CPU
	EndGlobalSection
	GlobalSection(ProjectConfigurationPlatforms) = postSolution
		{7CA5823B-BB2E-4CE1-9D8C-DD1FF1C85E5A}.Debug|Any CPU.ActiveCfg = Debug|Any CPU
		{7CA5823B-BB2E-4CE1-9D8C-DD1FF1C85E5A}.Debug|Any CPU.Build.0 = Debug|Any CPU
		{7CA5823B-BB2E-4CE1-9D8C-DD1FF1C85E5A}.Release|Any CPU.ActiveCfg = Release|Any CPU
		{7CA5823B-BB2E-4CE1-9D8C-DD1FF1C85E5A}.Release|Any CPU.Build.0 = Release|Any CPU
	EndGlobalSection
	GlobalSection(SolutionProperties) = preSolution
		HideSolutionNode = FALSE
	EndGlobalSection
	GlobalSection(ExtensibilityGlobals) = postSolution
		SolutionGuid = {5C473A7F-6FBF-443A-9358-FB29D717660C}
	EndGlobalSection
EndGlobal
